
Microsoft Visual Studio Solution File, Format Version 12.00
# Visual Studio Version 17
VisualStudioVersion = 17.11.35312.102
MinimumVisualStudioVersion = 10.0.40219.1
Project("{FAE04EC0-301F-11D3-BF4B-00C04F79EFBC}") = "_demo", "_demo\_demo.csproj", "{F6D23456-43D1-4B6A-A88F-0C324F774720}"
EndProject
Project("{FAE04EC0-301F-11D3-BF4B-00C04F79EFBC}") = "extra_sharp_demo", "extra_sharp_demo\extra_sharp_demo.csproj", "{62CBB7B8-BE70-49F4-A9F6-C8C2E9A4759D}"
EndProject
Project("{FAE04EC0-301F-11D3-BF4B-00C04F79EFBC}") = "extension_demo", "extension_demo\extension_demo.csproj", "{7C0317EC-35C7-4F3F-8B38-0403EDDD5D5D}"
EndProject
Project("{FAE04EC0-301F-11D3-BF4B-00C04F79EFBC}") = "cdp_demo", "cdp_demo\cdp_demo.csproj", "{17B7B9DD-C42A-443F-AADB-EBBC7E071449}"
EndProject
Project("{FAE04EC0-301F-11D3-BF4B-00C04F79EFBC}") = "deepseek_demo", "deepseek_demo\deepseek_demo.csproj", "{4CF2E347-42CF-4B2B-A675-E4979BF4E792}"
EndProject
Global
	GlobalSection(SolutionConfigurationPlatforms) = preSolution
		Debug|Any CPU = Debug|Any CPU
		Release|Any CPU = Release|Any CPU
	EndGlobalSection
	GlobalSection(ProjectConfigurationPlatforms) = postSolution
		{F6D23456-43D1-4B6A-A88F-0C324F774720}.Debug|Any CPU.ActiveCfg = Debug|Any CPU
		{F6D23456-43D1-4B6A-A88F-0C324F774720}.Debug|Any CPU.Build.0 = Debug|Any CPU
		{F6D23456-43D1-4B6A-A88F-0C324F774720}.Release|Any CPU.ActiveCfg = Release|Any CPU
		{F6D23456-43D1-4B6A-A88F-0C324F774720}.Release|Any CPU.Build.0 = Release|Any CPU
		{62CBB7B8-BE70-49F4-A9F6-C8C2E9A4759D}.Debug|Any CPU.ActiveCfg = Debug|Any CPU
		{62CBB7B8-BE70-49F4-A9F6-C8C2E9A4759D}.Debug|Any CPU.Build.0 = Debug|Any CPU
		{62CBB7B8-BE70-49F4-A9F6-C8C2E9A4759D}.Release|Any CPU.ActiveCfg = Release|Any CPU
		{62CBB7B8-BE70-49F4-A9F6-C8C2E9A4759D}.Release|Any CPU.Build.0 = Release|Any CPU
		{7C0317EC-35C7-4F3F-8B38-0403EDDD5D5D}.Debug|Any CPU.ActiveCfg = Debug|Any CPU
		{7C0317EC-35C7-4F3F-8B38-0403EDDD5D5D}.Debug|Any CPU.Build.0 = Debug|Any CPU
		{7C0317EC-35C7-4F3F-8B38-0403EDDD5D5D}.Release|Any CPU.ActiveCfg = Release|Any CPU
		{7C0317EC-35C7-4F3F-8B38-0403EDDD5D5D}.Release|Any CPU.Build.0 = Release|Any CPU
		{17B7B9DD-C42A-443F-AADB-EBBC7E071449}.Debug|Any CPU.ActiveCfg = Debug|Any CPU
		{17B7B9DD-C42A-443F-AADB-EBBC7E071449}.Debug|Any CPU.Build.0 = Debug|Any CPU
		{17B7B9DD-C42A-443F-AADB-EBBC7E071449}.Release|Any CPU.ActiveCfg = Release|Any CPU
		{17B7B9DD-C42A-443F-AADB-EBBC7E071449}.Release|Any CPU.Build.0 = Release|Any CPU
		{4CF2E347-42CF-4B2B-A675-E4979BF4E792}.Debug|Any CPU.ActiveCfg = Debug|Any CPU
		{4CF2E347-42CF-4B2B-A675-E4979BF4E792}.Debug|Any CPU.Build.0 = Debug|Any CPU
		{4CF2E347-42CF-4B2B-A675-E4979BF4E792}.Release|Any CPU.ActiveCfg = Release|Any CPU
		{4CF2E347-42CF-4B2B-A675-E4979BF4E792}.Release|Any CPU.Build.0 = Release|Any CPU
	EndGlobalSection
	GlobalSection(SolutionProperties) = preSolution
		HideSolutionNode = FALSE
	EndGlobalSection
	GlobalSection(ExtensibilityGlobals) = postSolution
		SolutionGuid = {8A425029-5721-442D-BFBE-62F41A3BB318}
	EndGlobalSection
EndGlobal
